// !$*UTF8*$!
{
	archiveVersion = 1;
	classes = {
	};
	objectVersion = 51;
	objects = {

/* Begin PBXBuildFile section */
		164B365F35CFE03E288D3B4F /* SceneDelegate.swift in Sources */ = {isa = PBXBuildFile; fileRef = 6816427566062DE94A27A3A0 /* SceneDelegate.swift */; };
		182AFD0C86B45B61D0C23D66 /* Fastlane_AutoBuildTests.swift in Sources */ = {isa = PBXBuildFile; fileRef = FCEC3B9E90F463248C6855AB /* Fastlane_AutoBuildTests.swift */; };
		33E44CC1C3EFCCCB47241C4E /* Assets.xcassets in Resources */ = {isa = PBXBuildFile; fileRef = FE55BB99F2894DCB02EA2270 /* Assets.xcassets */; };
		5A1C90FBACC2D7A670F989A9 /* Fastlane_AutoBuildUITests.swift in Sources */ = {isa = PBXBuildFile; fileRef = A49729AC7CF8AB39B8495D11 /* Fastlane_AutoBuildUITests.swift */; };
		7A8569EE3029E9ADDEB90B30 /* AppDelegate.swift in Sources */ = {isa = PBXBuildFile; fileRef = 0E8C7148CA496048C00AD956 /* AppDelegate.swift */; };
		81CFC53553E56504CE922EEA /* Main.storyboard in Resources */ = {isa = PBXBuildFile; fileRef = 98468A5D2060FB1BA11A9E65 /* Main.storyboard */; };
		8F0F9CAF57607DE02D25A9BD /* LaunchScreen.storyboard in Resources */ = {isa = PBXBuildFile; fileRef = E204DC828CD5180B6D8D4E93 /* LaunchScreen.storyboard */; };
		E92EABB22FB2F829FDA201E2 /* ViewController.swift in Sources */ = {isa = PBXBuildFile; fileRef = 9D23CA857C949B7DEC039D80 /* ViewController.swift */; };
		F3E3E833F3D63BF55A5CAF8D /* Fastlane_AutoBuildUITestsLaunchTests.swift in Sources */ = {isa = PBXBuildFile; fileRef = 8C30122640CC30B6B65823F2 /* Fastlane_AutoBuildUITestsLaunchTests.swift */; };
/* End PBXBuildFile section */

/* Begin PBXFileReference section */
		0E8C7148CA496048C00AD956 /* AppDelegate.swift */ = {isa = PBXFileReference; lastKnownFileType = sourcecode.swift; path = AppDelegate.swift; sourceTree = "<group>"; };
		3E2DAB18BEF501269C2E937F /* Fastlane-AutoBuildUITests.xctest */ = {isa = PBXFileReference; includeInIndex = 0; lastKnownFileType = wrapper.cfbundle; path = "Fastlane-AutoBuildUITests.xctest"; sourceTree = BUILT_PRODUCTS_DIR; };
		48C2B0A0D36782DDFA923DB8 /* Info.plist */ = {isa = PBXFileReference; lastKnownFileType = text.plist; path = Info.plist; sourceTree = "<group>"; };
		6816427566062DE94A27A3A0 /* SceneDelegate.swift */ = {isa = PBXFileReference; lastKnownFileType = sourcecode.swift; path = SceneDelegate.swift; sourceTree = "<group>"; };
		8363F7851CF91A09C05E306F /* Fastlane-AutoBuild.app */ = {isa = PBXFileReference; includeInIndex = 0; lastKnownFileType = wrapper.application; path = "Fastlane-AutoBuild.app"; sourceTree = BUILT_PRODUCTS_DIR; };
		8C30122640CC30B6B65823F2 /* Fastlane_AutoBuildUITestsLaunchTests.swift */ = {isa = PBXFileReference; lastKnownFileType = sourcecode.swift; path = Fastlane_AutoBuildUITestsLaunchTests.swift; sourceTree = "<group>"; };
		9D23CA857C949B7DEC039D80 /* ViewController.swift */ = {isa = PBXFileReference; lastKnownFileType = sourcecode.swift; path = ViewController.swift; sourceTree = "<group>"; };
		A48BF67F01A5D8B0DA496C2D /* Info.plist */ = {isa = PBXFileReference; lastKnownFileType = text.plist; path = Info.plist; sourceTree = "<group>"; };
		A49729AC7CF8AB39B8495D11 /* Fastlane_AutoBuildUITests.swift */ = {isa = PBXFileReference; lastKnownFileType = sourcecode.swift; path = Fastlane_AutoBuildUITests.swift; sourceTree = "<group>"; };
		AF96D3BDA4EE8FF517694F71 /* Info.plist */ = {isa = PBXFileReference; lastKnownFileType = text.plist; path = Info.plist; sourceTree = "<group>"; };
		C4B5667A44B12819822753C3 /* Base */ = {isa = PBXFileReference; lastKnownFileType = file.storyboard; name = Base; path = Base.lproj/Main.storyboard; sourceTree = "<group>"; };
		C5D5678957C3B1F83898775A /* Base */ = {isa = PBXFileReference; lastKnownFileType = file.storyboard; name = Base; path = Base.lproj/LaunchScreen.storyboard; sourceTree = "<group>"; };
		DD27C51766B304791A33BE0F /* Fastlane-AutoBuildTests.xctest */ = {isa = PBXFileReference; includeInIndex = 0; lastKnownFileType = wrapper.cfbundle; path = "Fastlane-AutoBuildTests.xctest"; sourceTree = BUILT_PRODUCTS_DIR; };
		FCEC3B9E90F463248C6855AB /* Fastlane_AutoBuildTests.swift */ = {isa = PBXFileReference; lastKnownFileType = sourcecode.swift; path = Fastlane_AutoBuildTests.swift; sourceTree = "<group>"; };
		FE55BB99F2894DCB02EA2270 /* Assets.xcassets */ = {isa = PBXFileReference; lastKnownFileType = folder.assetcatalog; path = Assets.xcassets; sourceTree = "<group>"; };
/* End PBXFileReference section */

/* Begin PBXGroup section */
		338EAF0E55D192AED0680706 /* Fastlane-AutoBuildUITests */ = {
			isa = PBXGroup;
			children = (
				A49729AC7CF8AB39B8495D11 /* Fastlane_AutoBuildUITests.swift */,
				8C30122640CC30B6B65823F2 /* Fastlane_AutoBuildUITestsLaunchTests.swift */,
				48C2B0A0D36782DDFA923DB8 /* Info.plist */,
			);
			path = "Fastlane-AutoBuildUITests";
			sourceTree = "<group>";
		};
		9B0A8FD63AAD13938960CDD9 /* Fastlane-AutoBuild */ = {
			isa = PBXGroup;
			children = (
				0E8C7148CA496048C00AD956 /* AppDelegate.swift */,
				FE55BB99F2894DCB02EA2270 /* Assets.xcassets */,
				AF96D3BDA4EE8FF517694F71 /* Info.plist */,
				E204DC828CD5180B6D8D4E93 /* LaunchScreen.storyboard */,
				98468A5D2060FB1BA11A9E65 /* Main.storyboard */,
				6816427566062DE94A27A3A0 /* SceneDelegate.swift */,
				9D23CA857C949B7DEC039D80 /* ViewController.swift */,
			);
			path = "Fastlane-AutoBuild";
			sourceTree = "<group>";
		};
		A62DA6808D666127F3C721D0 /* Products */ = {
			isa = PBXGroup;
			children = (
				8363F7851CF91A09C05E306F /* Fastlane-AutoBuild.app */,
				DD27C51766B304791A33BE0F /* Fastlane-AutoBuildTests.xctest */,
				3E2DAB18BEF501269C2E937F /* Fastlane-AutoBuildUITests.xctest */,
			);
			name = Products;
			sourceTree = "<group>";
		};
		B91161AC99436D76BA2F0BAF /* Fastlane-AutoBuildTests */ = {
			isa = PBXGroup;
			children = (
				FCEC3B9E90F463248C6855AB /* Fastlane_AutoBuildTests.swift */,
				A48BF67F01A5D8B0DA496C2D /* Info.plist */,
			);
			path = "Fastlane-AutoBuildTests";
			sourceTree = "<group>";
		};
		C18E0582A718AC626DD9D6C8 = {
			isa = PBXGroup;
			children = (
				9B0A8FD63AAD13938960CDD9 /* Fastlane-AutoBuild */,
				B91161AC99436D76BA2F0BAF /* Fastlane-AutoBuildTests */,
				338EAF0E55D192AED0680706 /* Fastlane-AutoBuildUITests */,
				A62DA6808D666127F3C721D0 /* Products */,
			);
			sourceTree = "<group>";
		};
/* End PBXGroup section */

/* Begin PBXNativeTarget section */
		87A677BF8C399AEDC68875C6 /* Fastlane-AutoBuildUITests */ = {
			isa = PBXNativeTarget;
			buildConfigurationList = 95D312F3FBFB0449E0B44BB6 /* Build configuration list for PBXNativeTarget "Fastlane-AutoBuildUITests" */;
			buildPhases = (
				DE2D428AE22227BD29141590 /* Sources */,
			);
			buildRules = (
			);
			dependencies = (
			);
			name = "Fastlane-AutoBuildUITests";
			productName = "Fastlane-AutoBuildUITests";
			productReference = 3E2DAB18BEF501269C2E937F /* Fastlane-AutoBuildUITests.xctest */;
			productType = "com.apple.product-type.bundle.ui-testing";
		};
		A98841DB9BB018293D130305 /* Fastlane-AutoBuildTests */ = {
			isa = PBXNativeTarget;
			buildConfigurationList = 45D90AB7EF03A453F6EF377D /* Build configuration list for PBXNativeTarget "Fastlane-AutoBuildTests" */;
			buildPhases = (
				3267A79F9A1AC454A0A8555E /* Sources */,
			);
			buildRules = (
			);
			dependencies = (
			);
			name = "Fastlane-AutoBuildTests";
			productName = "Fastlane-AutoBuildTests";
			productReference = DD27C51766B304791A33BE0F /* Fastlane-AutoBuildTests.xctest */;
			productType = "com.apple.product-type.bundle.unit-test";
		};
		D1B723E0EA1938A5A60F5212 /* Fastlane-AutoBuild */ = {
			isa = PBXNativeTarget;
			buildConfigurationList = E7B48148E850689C2C3051CA /* Build configuration list for PBXNativeTarget "Fastlane-AutoBuild" */;
			buildPhases = (
				0F3864B15495958082DF2722 /* Sources */,
				81589C14CBF76959B6A0D6E8 /* Resources */,
			);
			buildRules = (
			);
			dependencies = (
			);
			name = "Fastlane-AutoBuild";
			productName = "Fastlane-AutoBuild";
			productReference = 8363F7851CF91A09C05E306F /* Fastlane-AutoBuild.app */;
			productType = "com.apple.product-type.application";
		};
/* End PBXNativeTarget section */

/* Begin PBXProject section */
		F4A869A66E628C32A14E5D66 /* Project object */ = {
			isa = PBXProject;
			attributes = {
				LastUpgradeCheck = 1200;
				TargetAttributes = {
					D1B723E0EA1938A5A60F5212 = {
						DevelopmentTeam = VB5KPC8TUV;
						ProvisioningStyle = Automatic;
					};
				};
			};
			buildConfigurationList = 0FB581814A60942E8D138EE3 /* Build configuration list for PBXProject "Fastlane-AutoBuild" */;
			compatibilityVersion = "Xcode 10.0";
			developmentRegion = ko;
			hasScannedForEncodings = 0;
			knownRegions = (
				Base,
				ko,
			);
			mainGroup = C18E0582A718AC626DD9D6C8;
			projectDirPath = "";
			projectRoot = "";
			targets = (
				D1B723E0EA1938A5A60F5212 /* Fastlane-AutoBuild */,
				A98841DB9BB018293D130305 /* Fastlane-AutoBuildTests */,
				87A677BF8C399AEDC68875C6 /* Fastlane-AutoBuildUITests */,
			);
		};
/* End PBXProject section */

/* Begin PBXResourcesBuildPhase section */
		81589C14CBF76959B6A0D6E8 /* Resources */ = {
			isa = PBXResourcesBuildPhase;
			buildActionMask = 2147483647;
			files = (
				33E44CC1C3EFCCCB47241C4E /* Assets.xcassets in Resources */,
				8F0F9CAF57607DE02D25A9BD /* LaunchScreen.storyboard in Resources */,
				81CFC53553E56504CE922EEA /* Main.storyboard in Resources */,
			);
			runOnlyForDeploymentPostprocessing = 0;
		};
/* End PBXResourcesBuildPhase section */

/* Begin PBXSourcesBuildPhase section */
		0F3864B15495958082DF2722 /* Sources */ = {
			isa = PBXSourcesBuildPhase;
			buildActionMask = 2147483647;
			files = (
				7A8569EE3029E9ADDEB90B30 /* AppDelegate.swift in Sources */,
				164B365F35CFE03E288D3B4F /* SceneDelegate.swift in Sources */,
				E92EABB22FB2F829FDA201E2 /* ViewController.swift in Sources */,
			);
			runOnlyForDeploymentPostprocessing = 0;
		};
		3267A79F9A1AC454A0A8555E /* Sources */ = {
			isa = PBXSourcesBuildPhase;
			buildActionMask = 2147483647;
			files = (
				182AFD0C86B45B61D0C23D66 /* Fastlane_AutoBuildTests.swift in Sources */,
			);
			runOnlyForDeploymentPostprocessing = 0;
		};
		DE2D428AE22227BD29141590 /* Sources */ = {
			isa = PBXSourcesBuildPhase;
			buildActionMask = 2147483647;
			files = (
				5A1C90FBACC2D7A670F989A9 /* Fastlane_AutoBuildUITests.swift in Sources */,
				F3E3E833F3D63BF55A5CAF8D /* Fastlane_AutoBuildUITestsLaunchTests.swift in Sources */,
			);
			runOnlyForDeploymentPostprocessing = 0;
		};
/* End PBXSourcesBuildPhase section */

/* Begin PBXVariantGroup section */
		98468A5D2060FB1BA11A9E65 /* Main.storyboard */ = {
			isa = PBXVariantGroup;
			children = (
				C4B5667A44B12819822753C3 /* Base */,
			);
			name = Main.storyboard;
			sourceTree = "<group>";
		};
		E204DC828CD5180B6D8D4E93 /* LaunchScreen.storyboard */ = {
			isa = PBXVariantGroup;
			children = (
				C5D5678957C3B1F83898775A /* Base */,
			);
			name = LaunchScreen.storyboard;
			sourceTree = "<group>";
		};
/* End PBXVariantGroup section */

/* Begin XCBuildConfiguration section */
		0A1A79A981160DDF2B5C3801 /* Release */ = {
			isa = XCBuildConfiguration;
			buildSettings = {
				BUNDLE_LOADER = "$(TEST_HOST)";
				INFOPLIST_FILE = "Fastlane-AutoBuildTests/Info.plist";
				LD_RUNPATH_SEARCH_PATHS = (
					"$(inherited)",
					"@executable_path/Frameworks",
					"@loader_path/Frameworks",
				);
				PRODUCT_BUNDLE_IDENTIFIER = "io.github.92pino.Fastlane-AutoBuildTests";
				SDKROOT = iphoneos;
				TARGETED_DEVICE_FAMILY = "1,2";
			};
			name = Release;
		};
		6EAB95E01E38D27624DFE0B8 /* Release */ = {
			isa = XCBuildConfiguration;
			buildSettings = {
				ALWAYS_SEARCH_USER_PATHS = NO;
				CLANG_ANALYZER_LOCALIZABILITY_NONLOCALIZED = YES;
				CLANG_ANALYZER_NONNULL = YES;
				CLANG_ANALYZER_NUMBER_OBJECT_CONVERSION = YES_AGGRESSIVE;
				CLANG_CXX_LANGUAGE_STANDARD = "gnu++14";
				CLANG_CXX_LIBRARY = "libc++";
				CLANG_ENABLE_MODULES = YES;
				CLANG_ENABLE_OBJC_ARC = YES;
				CLANG_ENABLE_OBJC_WEAK = YES;
				CLANG_WARN_BLOCK_CAPTURE_AUTORELEASING = YES;
				CLANG_WARN_BOOL_CONVERSION = YES;
				CLANG_WARN_COMMA = YES;
				CLANG_WARN_CONSTANT_CONVERSION = YES;
				CLANG_WARN_DEPRECATED_OBJC_IMPLEMENTATIONS = YES;
				CLANG_WARN_DIRECT_OBJC_ISA_USAGE = YES_ERROR;
				CLANG_WARN_DOCUMENTATION_COMMENTS = YES;
				CLANG_WARN_EMPTY_BODY = YES;
				CLANG_WARN_ENUM_CONVERSION = YES;
				CLANG_WARN_INFINITE_RECURSION = YES;
				CLANG_WARN_INT_CONVERSION = YES;
				CLANG_WARN_NON_LITERAL_NULL_CONVERSION = YES;
				CLANG_WARN_OBJC_IMPLICIT_RETAIN_SELF = YES;
				CLANG_WARN_OBJC_LITERAL_CONVERSION = YES;
				CLANG_WARN_OBJC_ROOT_CLASS = YES_ERROR;
				CLANG_WARN_QUOTED_INCLUDE_IN_FRAMEWORK_HEADER = YES;
				CLANG_WARN_RANGE_LOOP_ANALYSIS = YES;
				CLANG_WARN_STRICT_PROTOTYPES = YES;
				CLANG_WARN_SUSPICIOUS_MOVE = YES;
				CLANG_WARN_UNGUARDED_AVAILABILITY = YES_AGGRESSIVE;
				CLANG_WARN_UNREACHABLE_CODE = YES;
				CLANG_WARN__DUPLICATE_METHOD_MATCH = YES;
				COPY_PHASE_STRIP = NO;
				DEBUG_INFORMATION_FORMAT = "dwarf-with-dsym";
				ENABLE_NS_ASSERTIONS = NO;
				ENABLE_STRICT_OBJC_MSGSEND = YES;
				GCC_C_LANGUAGE_STANDARD = gnu11;
				GCC_NO_COMMON_BLOCKS = YES;
				GCC_WARN_64_TO_32_BIT_CONVERSION = YES;
				GCC_WARN_ABOUT_RETURN_TYPE = YES_ERROR;
				GCC_WARN_UNDECLARED_SELECTOR = YES;
				GCC_WARN_UNINITIALIZED_AUTOS = YES_AGGRESSIVE;
				GCC_WARN_UNUSED_FUNCTION = YES;
				GCC_WARN_UNUSED_VARIABLE = YES;
				MTL_ENABLE_DEBUG_INFO = NO;
				MTL_FAST_MATH = YES;
				PRODUCT_NAME = "$(TARGET_NAME)";
				SDKROOT = iphoneos;
				SWIFT_COMPILATION_MODE = wholemodule;
				SWIFT_OPTIMIZATION_LEVEL = "-O";
				SWIFT_VERSION = 5.0;
			};
			name = Release;
		};
		9A6A0F9717EBD24C7931AFB4 /* Debug */ = {
			isa = XCBuildConfiguration;
			buildSettings = {
				ALWAYS_SEARCH_USER_PATHS = NO;
				CLANG_ANALYZER_LOCALIZABILITY_NONLOCALIZED = YES;
				CLANG_ANALYZER_NONNULL = YES;
				CLANG_ANALYZER_NUMBER_OBJECT_CONVERSION = YES_AGGRESSIVE;
				CLANG_CXX_LANGUAGE_STANDARD = "gnu++14";
				CLANG_CXX_LIBRARY = "libc++";
				CLANG_ENABLE_MODULES = YES;
				CLANG_ENABLE_OBJC_ARC = YES;
				CLANG_ENABLE_OBJC_WEAK = YES;
				CLANG_WARN_BLOCK_CAPTURE_AUTORELEASING = YES;
				CLANG_WARN_BOOL_CONVERSION = YES;
				CLANG_WARN_COMMA = YES;
				CLANG_WARN_CONSTANT_CONVERSION = YES;
				CLANG_WARN_DEPRECATED_OBJC_IMPLEMENTATIONS = YES;
				CLANG_WARN_DIRECT_OBJC_ISA_USAGE = YES_ERROR;
				CLANG_WARN_DOCUMENTATION_COMMENTS = YES;
				CLANG_WARN_EMPTY_BODY = YES;
				CLANG_WARN_ENUM_CONVERSION = YES;
				CLANG_WARN_INFINITE_RECURSION = YES;
				CLANG_WARN_INT_CONVERSION = YES;
				CLANG_WARN_NON_LITERAL_NULL_CONVERSION = YES;
				CLANG_WARN_OBJC_IMPLICIT_RETAIN_SELF = YES;
				CLANG_WARN_OBJC_LITERAL_CONVERSION = YES;
				CLANG_WARN_OBJC_ROOT_CLASS = YES_ERROR;
				CLANG_WARN_QUOTED_INCLUDE_IN_FRAMEWORK_HEADER = YES;
				CLANG_WARN_RANGE_LOOP_ANALYSIS = YES;
				CLANG_WARN_STRICT_PROTOTYPES = YES;
				CLANG_WARN_SUSPICIOUS_MOVE = YES;
				CLANG_WARN_UNGUARDED_AVAILABILITY = YES_AGGRESSIVE;
				CLANG_WARN_UNREACHABLE_CODE = YES;
				CLANG_WARN__DUPLICATE_METHOD_MATCH = YES;
				COPY_PHASE_STRIP = NO;
				DEBUG_INFORMATION_FORMAT = dwarf;
				ENABLE_STRICT_OBJC_MSGSEND = YES;
				ENABLE_TESTABILITY = YES;
				GCC_C_LANGUAGE_STANDARD = gnu11;
				GCC_DYNAMIC_NO_PIC = NO;
				GCC_NO_COMMON_BLOCKS = YES;
				GCC_OPTIMIZATION_LEVEL = 0;
				GCC_PREPROCESSOR_DEFINITIONS = (
					"$(inherited)",
					"DEBUG=1",
				);
				GCC_WARN_64_TO_32_BIT_CONVERSION = YES;
				GCC_WARN_ABOUT_RETURN_TYPE = YES_ERROR;
				GCC_WARN_UNDECLARED_SELECTOR = YES;
				GCC_WARN_UNINITIALIZED_AUTOS = YES_AGGRESSIVE;
				GCC_WARN_UNUSED_FUNCTION = YES;
				GCC_WARN_UNUSED_VARIABLE = YES;
				MTL_ENABLE_DEBUG_INFO = INCLUDE_SOURCE;
				MTL_FAST_MATH = YES;
				ONLY_ACTIVE_ARCH = YES;
				PRODUCT_NAME = "$(TARGET_NAME)";
				SDKROOT = iphoneos;
				SWIFT_ACTIVE_COMPILATION_CONDITIONS = DEBUG;
				SWIFT_OPTIMIZATION_LEVEL = "-Onone";
				SWIFT_VERSION = 5.0;
			};
			name = Debug;
		};
		BA0BA8736EF7E92043215AE3 /* Debug */ = {
			isa = XCBuildConfiguration;
			buildSettings = {
				ASSETCATALOG_COMPILER_APPICON_NAME = AppIcon;
				CODE_SIGN_IDENTITY = "iPhone Developer";
				CODE_SIGN_STYLE = Automatic;
				DEVELOPMENT_TEAM = VB5KPC8TUV;
				INFOPLIST_FILE = "Fastlane-AutoBuild/Info.plist";
				IPHONEOS_DEPLOYMENT_TARGET = 13.0;
				LD_RUNPATH_SEARCH_PATHS = (
					"$(inherited)",
					"@executable_path/Frameworks",
				);
				PRODUCT_BUNDLE_IDENTIFIER = "Fastlane-AutoBuild";
				SDKROOT = iphoneos;
				SWIFT_VERSION = 5.2;
				TARGETED_DEVICE_FAMILY = 2;
			};
			name = Debug;
		};
		BC723D494DBD768A8A228171 /* Release */ = {
			isa = XCBuildConfiguration;
			buildSettings = {
				BUNDLE_LOADER = "$(TEST_HOST)";
				INFOPLIST_FILE = "Fastlane-AutoBuildUITests/Info.plist";
				LD_RUNPATH_SEARCH_PATHS = (
					"$(inherited)",
					"@executable_path/Frameworks",
					"@loader_path/Frameworks",
				);
				PRODUCT_BUNDLE_IDENTIFIER = "io.github.92pino.Fastlane-AutoBuildUITests";
				SDKROOT = iphoneos;
				TARGETED_DEVICE_FAMILY = "1,2";
			};
			name = Release;
		};
		C521FFA8E11FEA7B97AF9885 /* Release */ = {
			isa = XCBuildConfiguration;
			buildSettings = {
				ASSETCATALOG_COMPILER_APPICON_NAME = AppIcon;
				CODE_SIGN_IDENTITY = "iPhone Developer";
				CODE_SIGN_STYLE = Automatic;
				DEVELOPMENT_TEAM = VB5KPC8TUV;
				INFOPLIST_FILE = "Fastlane-AutoBuild/Info.plist";
				IPHONEOS_DEPLOYMENT_TARGET = 13.0;
				LD_RUNPATH_SEARCH_PATHS = (
					"$(inherited)",
					"@executable_path/Frameworks",
				);
				PRODUCT_BUNDLE_IDENTIFIER = "Fastlane-AutoBuild";
				SDKROOT = iphoneos;
				SWIFT_VERSION = 5.2;
				TARGETED_DEVICE_FAMILY = 2;
			};
			name = Release;
		};
		D21F7F276FAAB377826A44EC /* Debug */ = {
			isa = XCBuildConfiguration;
			buildSettings = {
				BUNDLE_LOADER = "$(TEST_HOST)";
				INFOPLIST_FILE = "Fastlane-AutoBuildUITests/Info.plist";
				LD_RUNPATH_SEARCH_PATHS = (
					"$(inherited)",
					"@executable_path/Frameworks",
					"@loader_path/Frameworks",
				);
				PRODUCT_BUNDLE_IDENTIFIER = "io.github.92pino.Fastlane-AutoBuildUITests";
				SDKROOT = iphoneos;
				TARGETED_DEVICE_FAMILY = "1,2";
			};
			name = Debug;
		};
		E6E510D3940D3AB8AEDACEDD /* Debug */ = {
			isa = XCBuildConfiguration;
			buildSettings = {
				BUNDLE_LOADER = "$(TEST_HOST)";
				INFOPLIST_FILE = "Fastlane-AutoBuildTests/Info.plist";
				LD_RUNPATH_SEARCH_PATHS = (
					"$(inherited)",
					"@executable_path/Frameworks",
					"@loader_path/Frameworks",
				);
				PRODUCT_BUNDLE_IDENTIFIER = "io.github.92pino.Fastlane-AutoBuildTests";
				SDKROOT = iphoneos;
				TARGETED_DEVICE_FAMILY = "1,2";
			};
			name = Debug;
		};
/* End XCBuildConfiguration section */

/* Begin XCConfigurationList section */
		0FB581814A60942E8D138EE3 /* Build configuration list for PBXProject "Fastlane-AutoBuild" */ = {
			isa = XCConfigurationList;
			buildConfigurations = (
				9A6A0F9717EBD24C7931AFB4 /* Debug */,
				6EAB95E01E38D27624DFE0B8 /* Release */,
			);
			defaultConfigurationIsVisible = 0;
			defaultConfigurationName = Debug;
		};
		45D90AB7EF03A453F6EF377D /* Build configuration list for PBXNativeTarget "Fastlane-AutoBuildTests" */ = {
			isa = XCConfigurationList;
			buildConfigurations = (
				E6E510D3940D3AB8AEDACEDD /* Debug */,
				0A1A79A981160DDF2B5C3801 /* Release */,
			);
			defaultConfigurationIsVisible = 0;
			defaultConfigurationName = Debug;
		};
		95D312F3FBFB0449E0B44BB6 /* Build configuration list for PBXNativeTarget "Fastlane-AutoBuildUITests" */ = {
			isa = XCConfigurationList;
			buildConfigurations = (
				D21F7F276FAAB377826A44EC /* Debug */,
				BC723D494DBD768A8A228171 /* Release */,
			);
			defaultConfigurationIsVisible = 0;
			defaultConfigurationName = Debug;
		};
		E7B48148E850689C2C3051CA /* Build configuration list for PBXNativeTarget "Fastlane-AutoBuild" */ = {
			isa = XCConfigurationList;
			buildConfigurations = (
				BA0BA8736EF7E92043215AE3 /* Debug */,
				C521FFA8E11FEA7B97AF9885 /* Release */,
			);
			defaultConfigurationIsVisible = 0;
			defaultConfigurationName = Debug;
		};
/* End XCConfigurationList section */
	};
	rootObject = F4A869A66E628C32A14E5D66 /* Project object */;
}
